
Microsoft Visual Studio Solution File, Format Version 12.00
Project("{FAE04EC0-301F-11D3-BF4B-00C04F79EFBC}") = "MiniBank.Core", "MiniBank.Core\MiniBank.Core.csproj", "{5EBEAE16-F5DF-4007-A4CE-CC7443666EEF}"
EndProject
Project("{FAE04EC0-301F-11D3-BF4B-00C04F79EFBC}") = "MiniBank.Data", "MiniBank.Data\MiniBank.Data.csproj", "{10925B2E-A660-4645-9639-76510DA3A8B6}"
EndProject
Project("{FAE04EC0-301F-11D3-BF4B-00C04F79EFBC}") = "MiniBank.Web", "MiniBank.Web\MiniBank.Web.csproj", "{48BCF3F9-7FFB-4186-95F4-1194A282BFFE}"
EndProject
Project("{FAE04EC0-301F-11D3-BF4B-00C04F79EFBC}") = "MiniBank.Core.Tests", "Tests\MiniBank.Core.Tests\MiniBank.Core.Tests.csproj", "{66380C04-CEC0-41A4-9AEC-9F07197B4FB7}"
EndProject
Project("{2150E333-8FDC-42A3-9474-1A3956D46DE8}") = "Tests", "Tests", "{603D2E97-2C1F-493D-B813-75BC89901F39}"
EndProject
Global
	GlobalSection(SolutionConfigurationPlatforms) = preSolution
		Debug|Any CPU = Debug|Any CPU
		Release|Any CPU = Release|Any CPU
	EndGlobalSection
	GlobalSection(ProjectConfigurationPlatforms) = postSolution
		{5EBEAE16-F5DF-4007-A4CE-CC7443666EEF}.Debug|Any CPU.ActiveCfg = Debug|Any CPU
		{5EBEAE16-F5DF-4007-A4CE-CC7443666EEF}.Debug|Any CPU.Build.0 = Debug|Any CPU
		{5EBEAE16-F5DF-4007-A4CE-CC7443666EEF}.Release|Any CPU.ActiveCfg = Release|Any CPU
		{5EBEAE16-F5DF-4007-A4CE-CC7443666EEF}.Release|Any CPU.Build.0 = Release|Any CPU
		{10925B2E-A660-4645-9639-76510DA3A8B6}.Debug|Any CPU.ActiveCfg = Debug|Any CPU
		{10925B2E-A660-4645-9639-76510DA3A8B6}.Debug|Any CPU.Build.0 = Debug|Any CPU
		{10925B2E-A660-4645-9639-76510DA3A8B6}.Release|Any CPU.ActiveCfg = Release|Any CPU
		{10925B2E-A660-4645-9639-76510DA3A8B6}.Release|Any CPU.Build.0 = Release|Any CPU
		{48BCF3F9-7FFB-4186-95F4-1194A282BFFE}.Debug|Any CPU.ActiveCfg = Debug|Any CPU
		{48BCF3F9-7FFB-4186-95F4-1194A282BFFE}.Debug|Any CPU.Build.0 = Debug|Any CPU
		{48BCF3F9-7FFB-4186-95F4-1194A282BFFE}.Release|Any CPU.ActiveCfg = Release|Any CPU
		{48BCF3F9-7FFB-4186-95F4-1194A282BFFE}.Release|Any CPU.Build.0 = Release|Any CPU
		{66380C04-CEC0-41A4-9AEC-9F07197B4FB7}.Debug|Any CPU.ActiveCfg = Debug|Any CPU
		{66380C04-CEC0-41A4-9AEC-9F07197B4FB7}.Debug|Any CPU.Build.0 = Debug|Any CPU
		{66380C04-CEC0-41A4-9AEC-9F07197B4FB7}.Release|Any CPU.ActiveCfg = Release|Any CPU
		{66380C04-CEC0-41A4-9AEC-9F07197B4FB7}.Release|Any CPU.Build.0 = Release|Any CPU
	EndGlobalSection
	GlobalSection(NestedProjects) = preSolution
		{66380C04-CEC0-41A4-9AEC-9F07197B4FB7} = {603D2E97-2C1F-493D-B813-75BC89901F39}
	EndGlobalSection
EndGlobal
